{
  "name": "ded_bot",
  "version": "0.0.0",
  "lockfileVersion": 2,
  "requires": true,
  "packages": {
    "": {
      "name": "ded_bot",
      "version": "0.0.0",
      "license": "SEE LICENSE IN LICENSE.md",
      "dependencies": {
        "@twurple/auth": "^5.0.4",
        "commander": "^8.2.0"
      },
      "bin": {
        "ded_bot": "app.js"
      }
    },
    "node_modules/@d-fischer/cross-fetch": {
      "version": "4.0.2",
      "resolved": "https://registry.npmjs.org/@d-fischer/cross-fetch/-/cross-fetch-4.0.2.tgz",
      "integrity": "sha512-3ONhZxPmgCerBi8rU9kDQktF2zMpv7gkVJuoR8I+pYeO4QWccEcqQem0i1mLBh7/y7ejR474RZb3S3EO/Sdi3A==",
      "dependencies": {
        "node-fetch": "2.6.1"
      }
    },
    "node_modules/@d-fischer/logger": {
      "version": "4.1.1",
      "resolved": "https://registry.npmjs.org/@d-fischer/logger/-/logger-4.1.1.tgz",
      "integrity": "sha512-yQPteWFcO7+js+AxE/uO01gN4E6rxaePWLKnLAUT+0aFcaRq+kWWCoI5r2fa04jbadn9qUpSVxvK/YiC9cfVjw==",
      "dependencies": {
        "@d-fischer/shared-utils": "^3.2.0",
        "detect-node": "^2.0.4",
        "tslib": "^2.0.3"
      },
      "funding": {
        "url": "https://github.com/sponsors/d-fischer"
      }
    },
    "node_modules/@d-fischer/qs": {
      "version": "7.0.2",
      "resolved": "https://registry.npmjs.org/@d-fischer/qs/-/qs-7.0.2.tgz",
      "integrity": "sha512-yAu3xDooiL+ef84Jo8nLjDjWBRk7RXk163Y6aTvRB7FauYd3spQD/dWvgT7R4CrN54Juhrrc3dMY7mc+jZGurQ==",
      "engines": {
        "node": ">=0.6"
      },
      "funding": {
        "url": "https://github.com/sponsors/d-fischer"
      }
    },
    "node_modules/@d-fischer/shared-utils": {
      "version": "3.2.0",
      "resolved": "https://registry.npmjs.org/@d-fischer/shared-utils/-/shared-utils-3.2.0.tgz",
      "integrity": "sha512-YgAPpd0jxtchZlEqvVmL21A+/Ottx5759s6THiJs0o5+8pPIrshBlULhmfunbaidHmViuUhjxzZfqRkYl0MR9g==",
      "dependencies": {
        "@types/node": "^14.11.2",
        "tslib": "^2.0.3"
      },
      "funding": {
        "url": "https://github.com/sponsors/d-fischer"
      }
    },
    "node_modules/@twurple/api-call": {
      "version": "5.0.4",
      "resolved": "https://registry.npmjs.org/@twurple/api-call/-/api-call-5.0.4.tgz",
      "integrity": "sha512-QKlkfuKAlNvMj64C6AsGtPi8biEO9ibNWuflrWJ7eJWUMxP1xoBGM2S8PjkUnsIeLQ9/xQdtGu/91tEMb47CmA==",
      "dependencies": {
        "@d-fischer/cross-fetch": "^4.0.2",
        "@d-fischer/qs": "^7.0.2",
        "@twurple/common": "^5.0.4",
        "@types/node-fetch": "^2.5.7",
        "tslib": "^2.0.3"
      },
      "funding": {
        "url": "https://github.com/sponsors/d-fischer"
      }
    },
    "node_modules/@twurple/auth": {
      "version": "5.0.4",
      "resolved": "https://registry.npmjs.org/@twurple/auth/-/auth-5.0.4.tgz",
      "integrity": "sha512-WXMMq/gI5A31xGQZ2CxA1T9vNB0TVSAxTual6WIHi0+28dHIcCgeN2m3uVI775qrpU8NBNEbPy90Y9GuVMayrg==",
      "dependencies": {
        "@d-fischer/logger": "^4.0.0",
        "@d-fischer/shared-utils": "^3.2.0",
        "@twurple/api-call": "^5.0.4",
        "@twurple/common": "^5.0.4",
        "tslib": "^2.0.3"
      },
      "funding": {
        "url": "https://github.com/sponsors/d-fischer"
      }
    },
    "node_modules/@twurple/common": {
      "version": "5.0.4",
      "resolved": "https://registry.npmjs.org/@twurple/common/-/common-5.0.4.tgz",
      "integrity": "sha512-2c73BnwhNY+6rfn+1t0DGbkrRb7BSig1+TdttrZIfhYU1zXZNiAfWnFI/QJHym2Byz1xsF/Hs0b/Ian8IaVMnA==",
      "dependencies": {
        "@d-fischer/shared-utils": "^3.2.0",
        "klona": "^2.0.4",
        "tslib": "^2.0.3"
      },
      "funding": {
        "url": "https://github.com/sponsors/d-fischer"
      }
    },
    "node_modules/@types/node": {
      "version": "14.17.18",
      "resolved": "https://registry.npmjs.org/@types/node/-/node-14.17.18.tgz",
      "integrity": "sha512-haYyibw4pbteEhkSg0xdDLAI3679L75EJ799ymVrPxOA922bPx3ML59SoDsQ//rHlvqpu+e36kcbR3XRQtFblA=="
    },
    "node_modules/@types/node-fetch": {
      "version": "2.5.12",
      "resolved": "https://registry.npmjs.org/@types/node-fetch/-/node-fetch-2.5.12.tgz",
      "integrity": "sha512-MKgC4dlq4kKNa/mYrwpKfzQMB5X3ee5U6fSprkKpToBqBmX4nFZL9cW5jl6sWn+xpRJ7ypWh2yyqqr8UUCstSw==",
      "dependencies": {
        "@types/node": "*",
        "form-data": "^3.0.0"
      }
    },
    "node_modules/asynckit": {
      "version": "0.4.0",
      "resolved": "https://registry.npmjs.org/asynckit/-/asynckit-0.4.0.tgz",
      "integrity": "sha1-x57Zf380y48robyXkLzDZkdLS3k="
    },
    "node_modules/combined-stream": {
      "version": "1.0.8",
      "resolved": "https://registry.npmjs.org/combined-stream/-/combined-stream-1.0.8.tgz",
      "integrity": "sha512-FQN4MRfuJeHf7cBbBMJFXhKSDq+2kAArBlmRBvcvFE5BB1HZKXtSFASDhdlz9zOYwxh8lDdnvmMOe/+5cdoEdg==",
      "dependencies": {
        "delayed-stream": "~1.0.0"
      },
      "engines": {
        "node": ">= 0.8"
      }
    },
    "node_modules/commander": {
      "version": "8.2.0",
      "resolved": "https://registry.npmjs.org/commander/-/commander-8.2.0.tgz",
      "integrity": "sha512-LLKxDvHeL91/8MIyTAD5BFMNtoIwztGPMiM/7Bl8rIPmHCZXRxmSWr91h57dpOpnQ6jIUqEWdXE/uBYMfiVZDA==",
      "engines": {
        "node": ">= 12"
      }
    },
    "node_modules/delayed-stream": {
      "version": "1.0.0",
      "resolved": "https://registry.npmjs.org/delayed-stream/-/delayed-stream-1.0.0.tgz",
      "integrity": "sha1-3zrhmayt+31ECqrgsp4icrJOxhk=",
      "engines": {
        "node": ">=0.4.0"
      }
    },
    "node_modules/detect-node": {
      "version": "2.1.0",
      "resolved": "https://registry.npmjs.org/detect-node/-/detect-node-2.1.0.tgz",
      "integrity": "sha512-T0NIuQpnTvFDATNuHN5roPwSBG83rFsuO+MXXH9/3N1eFbn4wcPjttvjMLEPWJ0RGUYgQE7cGgS3tNxbqCGM7g=="
    },
    "node_modules/form-data": {
      "version": "3.0.1",
      "resolved": "https://registry.npmjs.org/form-data/-/form-data-3.0.1.tgz",
      "integrity": "sha512-RHkBKtLWUVwd7SqRIvCZMEvAMoGUp0XU+seQiZejj0COz3RI3hWP4sCv3gZWWLjJTd7rGwcsF5eKZGii0r/hbg==",
      "dependencies": {
        "asynckit": "^0.4.0",
        "combined-stream": "^1.0.8",
        "mime-types": "^2.1.12"
      },
      "engines": {
        "node": ">= 6"
      }
    },
    "node_modules/klona": {
      "version": "2.0.4",
      "resolved": "https://registry.npmjs.org/klona/-/klona-2.0.4.tgz",
      "integrity": "sha512-ZRbnvdg/NxqzC7L9Uyqzf4psi1OM4Cuc+sJAkQPjO6XkQIJTNbfK2Rsmbw8fx1p2mkZdp2FZYo2+LwXYY/uwIA==",
      "engines": {
        "node": ">= 8"
      }
    },
    "node_modules/mime-db": {
      "version": "1.49.0",
      "resolved": "https://registry.npmjs.org/mime-db/-/mime-db-1.49.0.tgz",
      "integrity": "sha512-CIc8j9URtOVApSFCQIF+VBkX1RwXp/oMMOrqdyXSBXq5RWNEsRfyj1kiRnQgmNXmHxPoFIxOroKA3zcU9P+nAA==",
      "engines": {
        "node": ">= 0.6"
      }
    },
    "node_modules/mime-types": {
      "version": "2.1.32",
      "resolved": "https://registry.npmjs.org/mime-types/-/mime-types-2.1.32.tgz",
      "integrity": "sha512-hJGaVS4G4c9TSMYh2n6SQAGrC4RnfU+daP8G7cSCmaqNjiOoUY0VHCMS42pxnQmVF1GWwFhbHWn3RIxCqTmZ9A==",
      "dependencies": {
        "mime-db": "1.49.0"
      },
      "engines": {
        "node": ">= 0.6"
      }
    },
    "node_modules/node-fetch": {
      "version": "2.6.1",
      "resolved": "https://registry.npmjs.org/node-fetch/-/node-fetch-2.6.1.tgz",
      "integrity": "sha512-V4aYg89jEoVRxRb2fJdAg8FHvI7cEyYdVAh94HH0UIK8oJxUfkjlDQN9RbMx+bEjP7+ggMiFRprSti032Oipxw==",
      "engines": {
        "node": "4.x || >=6.0.0"
      }
    },
    "node_modules/tslib": {
      "version": "2.3.1",
      "resolved": "https://registry.npmjs.org/tslib/-/tslib-2.3.1.tgz",
      "integrity": "sha512-77EbyPPpMz+FRFRuAFlWMtmgUWGe9UOG2Z25NqCwiIjRhOf5iKGuzSe5P2w1laq+FkRy4p+PCuVkJSGkzTEKVw=="
    }
  },
  "dependencies": {
    "@d-fischer/cross-fetch": {
      "version": "4.0.2",
      "resolved": "https://registry.npmjs.org/@d-fischer/cross-fetch/-/cross-fetch-4.0.2.tgz",
      "integrity": "sha512-3ONhZxPmgCerBi8rU9kDQktF2zMpv7gkVJuoR8I+pYeO4QWccEcqQem0i1mLBh7/y7ejR474RZb3S3EO/Sdi3A==",
      "requires": {
        "node-fetch": "2.6.1"
      }
    },
    "@d-fischer/logger": {
      "version": "4.1.1",
      "resolved": "https://registry.npmjs.org/@d-fischer/logger/-/logger-4.1.1.tgz",
      "integrity": "sha512-yQPteWFcO7+js+AxE/uO01gN4E6rxaePWLKnLAUT+0aFcaRq+kWWCoI5r2fa04jbadn9qUpSVxvK/YiC9cfVjw==",
      "requires": {
        "@d-fischer/shared-utils": "^3.2.0",
        "detect-node": "^2.0.4",
        "tslib": "^2.0.3"
      }
    },
    "@d-fischer/qs": {
      "version": "7.0.2",
      "resolved": "https://registry.npmjs.org/@d-fischer/qs/-/qs-7.0.2.tgz",
      "integrity": "sha512-yAu3xDooiL+ef84Jo8nLjDjWBRk7RXk163Y6aTvRB7FauYd3spQD/dWvgT7R4CrN54Juhrrc3dMY7mc+jZGurQ=="
    },
    "@d-fischer/shared-utils": {
      "version": "3.2.0",
      "resolved": "https://registry.npmjs.org/@d-fischer/shared-utils/-/shared-utils-3.2.0.tgz",
      "integrity": "sha512-YgAPpd0jxtchZlEqvVmL21A+/Ottx5759s6THiJs0o5+8pPIrshBlULhmfunbaidHmViuUhjxzZfqRkYl0MR9g==",
      "requires": {
        "@types/node": "^14.11.2",
        "tslib": "^2.0.3"
      }
    },
    "@twurple/api-call": {
      "version": "5.0.4",
      "resolved": "https://registry.npmjs.org/@twurple/api-call/-/api-call-5.0.4.tgz",
      "integrity": "sha512-QKlkfuKAlNvMj64C6AsGtPi8biEO9ibNWuflrWJ7eJWUMxP1xoBGM2S8PjkUnsIeLQ9/xQdtGu/91tEMb47CmA==",
      "requires": {
        "@d-fischer/cross-fetch": "^4.0.2",
        "@d-fischer/qs": "^7.0.2",
        "@twurple/common": "^5.0.4",
        "@types/node-fetch": "^2.5.7",
        "tslib": "^2.0.3"
      }
    },
    "@twurple/auth": {
      "version": "5.0.4",
      "resolved": "https://registry.npmjs.org/@twurple/auth/-/auth-5.0.4.tgz",
      "integrity": "sha512-WXMMq/gI5A31xGQZ2CxA1T9vNB0TVSAxTual6WIHi0+28dHIcCgeN2m3uVI775qrpU8NBNEbPy90Y9GuVMayrg==",
      "requires": {
        "@d-fischer/logger": "^4.0.0",
        "@d-fischer/shared-utils": "^3.2.0",
        "@twurple/api-call": "^5.0.4",
        "@twurple/common": "^5.0.4",
        "tslib": "^2.0.3"
      }
    },
    "@twurple/common": {
      "version": "5.0.4",
      "resolved": "https://registry.npmjs.org/@twurple/common/-/common-5.0.4.tgz",
      "integrity": "sha512-2c73BnwhNY+6rfn+1t0DGbkrRb7BSig1+TdttrZIfhYU1zXZNiAfWnFI/QJHym2Byz1xsF/Hs0b/Ian8IaVMnA==",
      "requires": {
        "@d-fischer/shared-utils": "^3.2.0",
        "klona": "^2.0.4",
        "tslib": "^2.0.3"
      }
    },
    "@types/node": {
      "version": "14.17.18",
      "resolved": "https://registry.npmjs.org/@types/node/-/node-14.17.18.tgz",
      "integrity": "sha512-haYyibw4pbteEhkSg0xdDLAI3679L75EJ799ymVrPxOA922bPx3ML59SoDsQ//rHlvqpu+e36kcbR3XRQtFblA=="
    },
    "@types/node-fetch": {
      "version": "2.5.12",
      "resolved": "https://registry.npmjs.org/@types/node-fetch/-/node-fetch-2.5.12.tgz",
      "integrity": "sha512-MKgC4dlq4kKNa/mYrwpKfzQMB5X3ee5U6fSprkKpToBqBmX4nFZL9cW5jl6sWn+xpRJ7ypWh2yyqqr8UUCstSw==",
      "requires": {
        "@types/node": "*",
        "form-data": "^3.0.0"
      }
    },
    "asynckit": {
      "version": "0.4.0",
      "resolved": "https://registry.npmjs.org/asynckit/-/asynckit-0.4.0.tgz",
      "integrity": "sha1-x57Zf380y48robyXkLzDZkdLS3k="
    },
    "combined-stream": {
      "version": "1.0.8",
      "resolved": "https://registry.npmjs.org/combined-stream/-/combined-stream-1.0.8.tgz",
      "integrity": "sha512-FQN4MRfuJeHf7cBbBMJFXhKSDq+2kAArBlmRBvcvFE5BB1HZKXtSFASDhdlz9zOYwxh8lDdnvmMOe/+5cdoEdg==",
      "requires": {
        "delayed-stream": "~1.0.0"
      }
    },
    "commander": {
      "version": "8.2.0",
      "resolved": "https://registry.npmjs.org/commander/-/commander-8.2.0.tgz",
      "integrity": "sha512-LLKxDvHeL91/8MIyTAD5BFMNtoIwztGPMiM/7Bl8rIPmHCZXRxmSWr91h57dpOpnQ6jIUqEWdXE/uBYMfiVZDA=="
    },
    "delayed-stream": {
      "version": "1.0.0",
      "resolved": "https://registry.npmjs.org/delayed-stream/-/delayed-stream-1.0.0.tgz",
      "integrity": "sha1-3zrhmayt+31ECqrgsp4icrJOxhk="
    },
    "detect-node": {
      "version": "2.1.0",
      "resolved": "https://registry.npmjs.org/detect-node/-/detect-node-2.1.0.tgz",
      "integrity": "sha512-T0NIuQpnTvFDATNuHN5roPwSBG83rFsuO+MXXH9/3N1eFbn4wcPjttvjMLEPWJ0RGUYgQE7cGgS3tNxbqCGM7g=="
    },
    "form-data": {
      "version": "3.0.1",
      "resolved": "https://registry.npmjs.org/form-data/-/form-data-3.0.1.tgz",
      "integrity": "sha512-RHkBKtLWUVwd7SqRIvCZMEvAMoGUp0XU+seQiZejj0COz3RI3hWP4sCv3gZWWLjJTd7rGwcsF5eKZGii0r/hbg==",
      "requires": {
        "asynckit": "^0.4.0",
        "combined-stream": "^1.0.8",
        "mime-types": "^2.1.12"
      }
    },
    "klona": {
      "version": "2.0.4",
      "resolved": "https://registry.npmjs.org/klona/-/klona-2.0.4.tgz",
      "integrity": "sha512-ZRbnvdg/NxqzC7L9Uyqzf4psi1OM4Cuc+sJAkQPjO6XkQIJTNbfK2Rsmbw8fx1p2mkZdp2FZYo2+LwXYY/uwIA=="
    },
    "mime-db": {
      "version": "1.49.0",
      "resolved": "https://registry.npmjs.org/mime-db/-/mime-db-1.49.0.tgz",
      "integrity": "sha512-CIc8j9URtOVApSFCQIF+VBkX1RwXp/oMMOrqdyXSBXq5RWNEsRfyj1kiRnQgmNXmHxPoFIxOroKA3zcU9P+nAA=="
    },
    "mime-types": {
      "version": "2.1.32",
      "resolved": "https://registry.npmjs.org/mime-types/-/mime-types-2.1.32.tgz",
      "integrity": "sha512-hJGaVS4G4c9TSMYh2n6SQAGrC4RnfU+daP8G7cSCmaqNjiOoUY0VHCMS42pxnQmVF1GWwFhbHWn3RIxCqTmZ9A==",
      "requires": {
        "mime-db": "1.49.0"
      }
    },
    "node-fetch": {
      "version": "2.6.1",
      "resolved": "https://registry.npmjs.org/node-fetch/-/node-fetch-2.6.1.tgz",
      "integrity": "sha512-V4aYg89jEoVRxRb2fJdAg8FHvI7cEyYdVAh94HH0UIK8oJxUfkjlDQN9RbMx+bEjP7+ggMiFRprSti032Oipxw=="
    },
    "tslib": {
      "version": "2.3.1",
      "resolved": "https://registry.npmjs.org/tslib/-/tslib-2.3.1.tgz",
      "integrity": "sha512-77EbyPPpMz+FRFRuAFlWMtmgUWGe9UOG2Z25NqCwiIjRhOf5iKGuzSe5P2w1laq+FkRy4p+PCuVkJSGkzTEKVw=="
    }
  }
}
